{
    "name": "exhaustive-twitter-crawler",
    "version": "0.2.3",
    "lockfileVersion": 2,
    "requires": true,
    "packages": {
        "": {
            "name": "exhaustive-twitter-crawler",
            "version": "0.2.3",
            "license": "MIT",
            "dependencies": {
                "commander": "^8.3.0",
                "cron": "^1.8.2",
                "luxon": "^2.1.1",
                "socket.io-client": "^4.4.0",
                "terminal-kit": "^2.2.4",
                "uniqid": "^5.4.0"
            },
            "bin": {
                "get-id": "id.mjs",
                "instant": "instant.mjs"
            }
        },
        "node_modules/@cronvel/get-pixels": {
            "version": "3.4.0",
            "resolved": "https://registry.npmjs.org/@cronvel/get-pixels/-/get-pixels-3.4.0.tgz",
            "integrity": "sha512-do5jDoX9oCR/dGHE4POVQ3PYDCmQ2Fow4CA72UL4WoE8zUImA/0lChczjfl+ucNjE4sXFWUnzoO6j4WzrUvLnw==",
            "dependencies": {
                "jpeg-js": "^0.4.1",
                "ndarray": "^1.0.19",
                "ndarray-pack": "^1.1.1",
                "node-bitmap": "0.0.1",
                "omggif": "^1.0.10",
                "pngjs": "^5.0.0"
            }
        },
        "node_modules/@socket.io/base64-arraybuffer": {
            "version": "1.0.2",
            "resolved": "https://registry.npmjs.org/@socket.io/base64-arraybuffer/-/base64-arraybuffer-1.0.2.tgz",
            "integrity": "sha512-dOlCBKnDw4iShaIsH/bxujKTM18+2TOAsYz+KSc11Am38H4q5Xw8Bbz97ZYdrVNM+um3p7w86Bvvmcn9q+5+eQ==",
            "engines": {
                "node": ">= 0.6.0"
            }
        },
        "node_modules/@socket.io/component-emitter": {
            "version": "3.0.0",
            "resolved": "https://registry.npmjs.org/@socket.io/component-emitter/-/component-emitter-3.0.0.tgz",
            "integrity": "sha512-2pTGuibAXJswAPJjaKisthqS/NOK5ypG4LYT6tEAV0S/mxW0zOIvYvGK0V8w8+SHxAm6vRMSjqSalFXeBAqs+Q=="
        },
        "node_modules/backo2": {
            "version": "1.0.2",
            "resolved": "https://registry.npmjs.org/backo2/-/backo2-1.0.2.tgz",
            "integrity": "sha1-MasayLEpNjRj41s+u2n038+6eUc="
        },
        "node_modules/chroma-js": {
            "version": "2.4.2",
            "resolved": "https://registry.npmjs.org/chroma-js/-/chroma-js-2.4.2.tgz",
            "integrity": "sha512-U9eDw6+wt7V8z5NncY2jJfZa+hUH8XEj8FQHgFJTrUFnJfXYf4Ml4adI2vXZOjqRDpFWtYVWypDfZwnJ+HIR4A=="
        },
        "node_modules/commander": {
            "version": "8.3.0",
            "resolved": "https://registry.npmjs.org/commander/-/commander-8.3.0.tgz",
            "integrity": "sha512-OkTL9umf+He2DZkUq8f8J9of7yL6RJKI24dVITBmNfZBmri9zYZQrKkuXiKhyfPSu8tUhnVBB1iKXevvnlR4Ww==",
            "engines": {
                "node": ">= 12"
            }
        },
        "node_modules/cron": {
            "version": "1.8.2",
            "resolved": "https://registry.npmjs.org/cron/-/cron-1.8.2.tgz",
            "integrity": "sha512-Gk2c4y6xKEO8FSAUTklqtfSr7oTq0CiPQeLBG5Fl0qoXpZyMcj1SG59YL+hqq04bu6/IuEA7lMkYDAplQNKkyg==",
            "dependencies": {
                "moment-timezone": "^0.5.x"
            }
        },
        "node_modules/cwise-compiler": {
            "version": "1.1.3",
            "resolved": "https://registry.npmjs.org/cwise-compiler/-/cwise-compiler-1.1.3.tgz",
            "integrity": "sha1-9NZnQQ6FDToxOn0tt7HlBbsDTMU=",
            "dependencies": {
                "uniq": "^1.0.0"
            }
        },
        "node_modules/debug": {
            "version": "4.3.4",
            "resolved": "https://registry.npmjs.org/debug/-/debug-4.3.4.tgz",
            "integrity": "sha512-PRWFHuSU3eDtQJPvnNY7Jcket1j0t5OuOsFzPPzsekD52Zl8qUfFIPEiswXqIvHWGVHOgX+7G/vCNNhehwxfkQ==",
            "dependencies": {
                "ms": "2.1.2"
            },
            "engines": {
                "node": ">=6.0"
            },
            "peerDependenciesMeta": {
                "supports-color": {
                    "optional": true
                }
            }
        },
        "node_modules/engine.io-client": {
            "version": "6.1.1",
            "resolved": "https://registry.npmjs.org/engine.io-client/-/engine.io-client-6.1.1.tgz",
            "integrity": "sha512-V05mmDo4gjimYW+FGujoGmmmxRaDsrVr7AXA3ZIfa04MWM1jOfZfUwou0oNqhNwy/votUDvGDt4JA4QF4e0b4g==",
            "dependencies": {
                "@socket.io/component-emitter": "~3.0.0",
                "debug": "~4.3.1",
                "engine.io-parser": "~5.0.0",
                "has-cors": "1.1.0",
                "parseqs": "0.0.6",
                "parseuri": "0.0.6",
                "ws": "~8.2.3",
                "xmlhttprequest-ssl": "~2.0.0",
                "yeast": "0.1.2"
            }
        },
        "node_modules/engine.io-parser": {
            "version": "5.0.3",
            "resolved": "https://registry.npmjs.org/engine.io-parser/-/engine.io-parser-5.0.3.tgz",
            "integrity": "sha512-BtQxwF27XUNnSafQLvDi0dQ8s3i6VgzSoQMJacpIcGNrlUdfHSKbgm3jmjCVvQluGzqwujQMPAoMai3oYSTurg==",
            "dependencies": {
                "@socket.io/base64-arraybuffer": "~1.0.2"
            },
            "engines": {
                "node": ">=10.0.0"
            }
        },
        "node_modules/has-cors": {
            "version": "1.1.0",
            "resolved": "https://registry.npmjs.org/has-cors/-/has-cors-1.1.0.tgz",
            "integrity": "sha1-XkdHk/fqmEPRu5nCPu9J/xJv/zk="
        },
        "node_modules/iota-array": {
            "version": "1.0.0",
            "resolved": "https://registry.npmjs.org/iota-array/-/iota-array-1.0.0.tgz",
            "integrity": "sha1-ge9X/l0FgUzVjCSDYyqZwwoOgIc="
        },
        "node_modules/is-buffer": {
            "version": "1.1.6",
            "resolved": "https://registry.npmjs.org/is-buffer/-/is-buffer-1.1.6.tgz",
            "integrity": "sha512-NcdALwpXkTm5Zvvbk7owOUSvVvBKDgKP5/ewfXEznmQFfs4ZRmanOeKBTjRVjka3QFoN6XJ+9F3USqfHqTaU5w=="
        },
        "node_modules/jpeg-js": {
            "version": "0.4.3",
            "resolved": "https://registry.npmjs.org/jpeg-js/-/jpeg-js-0.4.3.tgz",
            "integrity": "sha512-ru1HWKek8octvUHFHvE5ZzQ1yAsJmIvRdGWvSoKV52XKyuyYA437QWDttXT8eZXDSbuMpHlLzPDZUPd6idIz+Q=="
        },
        "node_modules/lazyness": {
            "version": "1.2.0",
            "resolved": "https://registry.npmjs.org/lazyness/-/lazyness-1.2.0.tgz",
            "integrity": "sha512-KenL6EFbwxBwRxG93t0gcUyi0Nw0Ub31FJKN1laA4UscdkL1K1AxUd0gYZdcLU3v+x+wcFi4uQKS5hL+fk500g==",
            "engines": {
                "node": ">=6.0.0"
            }
        },
        "node_modules/luxon": {
            "version": "2.3.1",
            "resolved": "https://registry.npmjs.org/luxon/-/luxon-2.3.1.tgz",
            "integrity": "sha512-I8vnjOmhXsMSlNMZlMkSOvgrxKJl0uOsEzdGgGNZuZPaS9KlefpE9KV95QFftlJSC+1UyCC9/I69R02cz/zcCA==",
            "engines": {
                "node": ">=12"
            }
        },
        "node_modules/moment": {
            "version": "2.29.2",
            "resolved": "https://registry.npmjs.org/moment/-/moment-2.29.2.tgz",
            "integrity": "sha512-UgzG4rvxYpN15jgCmVJwac49h9ly9NurikMWGPdVxm8GZD6XjkKPxDTjQQ43gtGgnV3X0cAyWDdP2Wexoquifg==",
            "engines": {
                "node": "*"
            }
        },
        "node_modules/moment-timezone": {
            "version": "0.5.34",
            "resolved": "https://registry.npmjs.org/moment-timezone/-/moment-timezone-0.5.34.tgz",
            "integrity": "sha512-3zAEHh2hKUs3EXLESx/wsgw6IQdusOT8Bxm3D9UrHPQR7zlMmzwybC8zHEM1tQ4LJwP7fcxrWr8tuBg05fFCbg==",
            "dependencies": {
                "moment": ">= 2.9.0"
            },
            "engines": {
                "node": "*"
            }
        },
        "node_modules/ms": {
            "version": "2.1.2",
            "resolved": "https://registry.npmjs.org/ms/-/ms-2.1.2.tgz",
            "integrity": "sha512-sGkPx+VjMtmA6MX27oA4FBFELFCZZ4S4XqeGOXCv68tT+jb3vk/RyaKWP0PTKyWtmLSM0b+adUTEvbs1PEaH2w=="
        },
        "node_modules/ndarray": {
            "version": "1.0.19",
            "resolved": "https://registry.npmjs.org/ndarray/-/ndarray-1.0.19.tgz",
            "integrity": "sha512-B4JHA4vdyZU30ELBw3g7/p9bZupyew5a7tX1Y/gGeF2hafrPaQZhgrGQfsvgfYbgdFZjYwuEcnaobeM/WMW+HQ==",
            "dependencies": {
                "iota-array": "^1.0.0",
                "is-buffer": "^1.0.2"
            }
        },
        "node_modules/ndarray-pack": {
            "version": "1.2.1",
            "resolved": "https://registry.npmjs.org/ndarray-pack/-/ndarray-pack-1.2.1.tgz",
            "integrity": "sha1-jK6+qqJNXs9w/4YCBjeXfajuWFo=",
            "dependencies": {
                "cwise-compiler": "^1.1.2",
                "ndarray": "^1.0.13"
            }
        },
        "node_modules/nextgen-events": {
            "version": "1.5.2",
            "resolved": "https://registry.npmjs.org/nextgen-events/-/nextgen-events-1.5.2.tgz",
            "integrity": "sha512-0ZEIRQywH5Oxt2IYYufRltQg/KjXhKM7f7MHve+ZIRaKnIR1PPYEXAl2WBmej5Sf0Qh2GgE/21sMRZVuOyxLzw==",
            "engines": {
                "node": ">=6.0.0"
            }
        },
        "node_modules/node-bitmap": {
            "version": "0.0.1",
            "resolved": "https://registry.npmjs.org/node-bitmap/-/node-bitmap-0.0.1.tgz",
            "integrity": "sha1-GA6scAPgxwdhjvMTaPYvhLKmkJE=",
            "engines": {
                "node": ">=v0.6.5"
            }
        },
        "node_modules/omggif": {
            "version": "1.0.10",
            "resolved": "https://registry.npmjs.org/omggif/-/omggif-1.0.10.tgz",
            "integrity": "sha512-LMJTtvgc/nugXj0Vcrrs68Mn2D1r0zf630VNtqtpI1FEO7e+O9FP4gqs9AcnBaSEeoHIPm28u6qgPR0oyEpGSw=="
        },
        "node_modules/parseqs": {
            "version": "0.0.6",
            "resolved": "https://registry.npmjs.org/parseqs/-/parseqs-0.0.6.tgz",
            "integrity": "sha512-jeAGzMDbfSHHA091hr0r31eYfTig+29g3GKKE/PPbEQ65X0lmMwlEoqmhzu0iztID5uJpZsFlUPDP8ThPL7M8w=="
        },
        "node_modules/parseuri": {
            "version": "0.0.6",
            "resolved": "https://registry.npmjs.org/parseuri/-/parseuri-0.0.6.tgz",
            "integrity": "sha512-AUjen8sAkGgao7UyCX6Ahv0gIK2fABKmYjvP4xmy5JaKvcbTRueIqIPHLAfq30xJddqSE033IOMUSOMCcK3Sow=="
        },
        "node_modules/pngjs": {
            "version": "5.0.0",
            "resolved": "https://registry.npmjs.org/pngjs/-/pngjs-5.0.0.tgz",
            "integrity": "sha512-40QW5YalBNfQo5yRYmiw7Yz6TKKVr3h6970B2YE+3fQpsWcrbj1PzJgxeJ19DRQjhMbKPIuMY8rFaXc8moolVw==",
            "engines": {
                "node": ">=10.13.0"
            }
        },
        "node_modules/setimmediate": {
            "version": "1.0.5",
            "resolved": "https://registry.npmjs.org/setimmediate/-/setimmediate-1.0.5.tgz",
            "integrity": "sha1-KQy7Iy4waULX1+qbg3Mqt4VvgoU="
        },
        "node_modules/seventh": {
            "version": "0.7.40",
            "resolved": "https://registry.npmjs.org/seventh/-/seventh-0.7.40.tgz",
            "integrity": "sha512-7sxUydQx4iEh17uJUFjZDAwbffJirldZaNIJvVB/hk9mPEL3J4GpLGSL+mHFH2ydkye46DAsLGqzFJ+/Qj5foQ==",
            "dependencies": {
                "setimmediate": "^1.0.5"
            },
            "engines": {
                "node": ">=7.6.0"
            }
        },
        "node_modules/socket.io-client": {
            "version": "4.4.1",
            "resolved": "https://registry.npmjs.org/socket.io-client/-/socket.io-client-4.4.1.tgz",
            "integrity": "sha512-N5C/L5fLNha5Ojd7Yeb/puKcPWWcoB/A09fEjjNsg91EDVr5twk/OEyO6VT9dlLSUNY85NpW6KBhVMvaLKQ3vQ==",
            "dependencies": {
                "@socket.io/component-emitter": "~3.0.0",
                "backo2": "~1.0.2",
                "debug": "~4.3.2",
                "engine.io-client": "~6.1.1",
                "parseuri": "0.0.6",
                "socket.io-parser": "~4.1.1"
            },
            "engines": {
                "node": ">=10.0.0"
            }
        },
        "node_modules/socket.io-parser": {
            "version": "4.1.2",
            "resolved": "https://registry.npmjs.org/socket.io-parser/-/socket.io-parser-4.1.2.tgz",
            "integrity": "sha512-j3kk71QLJuyQ/hh5F/L2t1goqzdTL0gvDzuhTuNSwihfuFUrcSji0qFZmJJPtG6Rmug153eOPsUizeirf1IIog==",
            "dependencies": {
                "@socket.io/component-emitter": "~3.0.0",
                "debug": "~4.3.1"
            },
            "engines": {
                "node": ">=10.0.0"
            }
        },
        "node_modules/string-kit": {
            "version": "0.16.1",
            "resolved": "https://registry.npmjs.org/string-kit/-/string-kit-0.16.1.tgz",
            "integrity": "sha512-LEwNbaW3iUZnfDIeUghvmxUoDnU6QClll/TFKENBMfFRZH481XijeLQPvhdNGIATVIunCXxjSJvVoFSBkfG1mg==",
            "engines": {
                "node": ">=14.15.0"
            }
        },
        "node_modules/terminal-kit": {
            "version": "2.4.0",
            "resolved": "https://registry.npmjs.org/terminal-kit/-/terminal-kit-2.4.0.tgz",
            "integrity": "sha512-lQCKNFYCaVoFM23pcurnQ7wOnsz4u588JNu2sfNOnB8IU6Tl4vdOdHNe7bL2aIiB0kA7m94gS4VI0+3CRI1G/A==",
            "dependencies": {
                "@cronvel/get-pixels": "^3.4.0",
                "chroma-js": "^2.1.2",
                "lazyness": "^1.2.0",
                "ndarray": "^1.0.19",
                "nextgen-events": "^1.5.2",
                "seventh": "^0.7.40",
                "string-kit": "^0.16.0",
                "tree-kit": "^0.7.4"
            },
            "engines": {
                "node": ">=14.15.0"
            }
        },
        "node_modules/tree-kit": {
            "version": "0.7.4",
            "resolved": "https://registry.npmjs.org/tree-kit/-/tree-kit-0.7.4.tgz",
            "integrity": "sha512-Of3tPmVs3b6BhzyUJ7t0olisf47kYr9qAm0XaUpURMjdBn6TwiVaaMuTFoKkkvPGojd9trKAHlrGGcGKcdR1DA=="
        },
        "node_modules/uniq": {
            "version": "1.0.1",
            "resolved": "https://registry.npmjs.org/uniq/-/uniq-1.0.1.tgz",
            "integrity": "sha1-sxxa6CVIRKOoKBVBzisEuGWnNP8="
        },
        "node_modules/uniqid": {
            "version": "5.4.0",
            "resolved": "https://registry.npmjs.org/uniqid/-/uniqid-5.4.0.tgz",
            "integrity": "sha512-38JRbJ4Fj94VmnC7G/J/5n5SC7Ab46OM5iNtSstB/ko3l1b5g7ALt4qzHFgGciFkyiRNtDXtLNb+VsxtMSE77A=="
        },
        "node_modules/ws": {
            "version": "8.2.3",
            "resolved": "https://registry.npmjs.org/ws/-/ws-8.2.3.tgz",
            "integrity": "sha512-wBuoj1BDpC6ZQ1B7DWQBYVLphPWkm8i9Y0/3YdHjHKHiohOJ1ws+3OccDWtH+PoC9DZD5WOTrJvNbWvjS6JWaA==",
            "engines": {
                "node": ">=10.0.0"
            },
            "peerDependencies": {
                "bufferutil": "^4.0.1",
                "utf-8-validate": "^5.0.2"
            },
            "peerDependenciesMeta": {
                "bufferutil": {
                    "optional": true
                },
                "utf-8-validate": {
                    "optional": true
                }
            }
        },
        "node_modules/xmlhttprequest-ssl": {
            "version": "2.0.0",
            "resolved": "https://registry.npmjs.org/xmlhttprequest-ssl/-/xmlhttprequest-ssl-2.0.0.tgz",
            "integrity": "sha512-QKxVRxiRACQcVuQEYFsI1hhkrMlrXHPegbbd1yn9UHOmRxY+si12nQYzri3vbzt8VdTTRviqcKxcyllFas5z2A==",
            "engines": {
                "node": ">=0.4.0"
            }
        },
        "node_modules/yeast": {
            "version": "0.1.2",
            "resolved": "https://registry.npmjs.org/yeast/-/yeast-0.1.2.tgz",
            "integrity": "sha1-AI4G2AlDIMNy28L47XagymyKxBk="
        }
    },
    "dependencies": {
        "@cronvel/get-pixels": {
            "version": "3.4.0",
            "resolved": "https://registry.npmjs.org/@cronvel/get-pixels/-/get-pixels-3.4.0.tgz",
            "integrity": "sha512-do5jDoX9oCR/dGHE4POVQ3PYDCmQ2Fow4CA72UL4WoE8zUImA/0lChczjfl+ucNjE4sXFWUnzoO6j4WzrUvLnw==",
            "requires": {
                "jpeg-js": "^0.4.1",
                "ndarray": "^1.0.19",
                "ndarray-pack": "^1.1.1",
                "node-bitmap": "0.0.1",
                "omggif": "^1.0.10",
                "pngjs": "^5.0.0"
            }
        },
        "@socket.io/base64-arraybuffer": {
            "version": "1.0.2",
            "resolved": "https://registry.npmjs.org/@socket.io/base64-arraybuffer/-/base64-arraybuffer-1.0.2.tgz",
            "integrity": "sha512-dOlCBKnDw4iShaIsH/bxujKTM18+2TOAsYz+KSc11Am38H4q5Xw8Bbz97ZYdrVNM+um3p7w86Bvvmcn9q+5+eQ=="
        },
        "@socket.io/component-emitter": {
            "version": "3.0.0",
            "resolved": "https://registry.npmjs.org/@socket.io/component-emitter/-/component-emitter-3.0.0.tgz",
            "integrity": "sha512-2pTGuibAXJswAPJjaKisthqS/NOK5ypG4LYT6tEAV0S/mxW0zOIvYvGK0V8w8+SHxAm6vRMSjqSalFXeBAqs+Q=="
        },
        "backo2": {
            "version": "1.0.2",
            "resolved": "https://registry.npmjs.org/backo2/-/backo2-1.0.2.tgz",
            "integrity": "sha1-MasayLEpNjRj41s+u2n038+6eUc="
        },
        "chroma-js": {
            "version": "2.4.2",
            "resolved": "https://registry.npmjs.org/chroma-js/-/chroma-js-2.4.2.tgz",
            "integrity": "sha512-U9eDw6+wt7V8z5NncY2jJfZa+hUH8XEj8FQHgFJTrUFnJfXYf4Ml4adI2vXZOjqRDpFWtYVWypDfZwnJ+HIR4A=="
        },
        "commander": {
            "version": "8.3.0",
            "resolved": "https://registry.npmjs.org/commander/-/commander-8.3.0.tgz",
            "integrity": "sha512-OkTL9umf+He2DZkUq8f8J9of7yL6RJKI24dVITBmNfZBmri9zYZQrKkuXiKhyfPSu8tUhnVBB1iKXevvnlR4Ww=="
        },
        "cron": {
            "version": "1.8.2",
            "resolved": "https://registry.npmjs.org/cron/-/cron-1.8.2.tgz",
            "integrity": "sha512-Gk2c4y6xKEO8FSAUTklqtfSr7oTq0CiPQeLBG5Fl0qoXpZyMcj1SG59YL+hqq04bu6/IuEA7lMkYDAplQNKkyg==",
            "requires": {
                "moment-timezone": "^0.5.x"
            }
        },
        "cwise-compiler": {
            "version": "1.1.3",
            "resolved": "https://registry.npmjs.org/cwise-compiler/-/cwise-compiler-1.1.3.tgz",
            "integrity": "sha1-9NZnQQ6FDToxOn0tt7HlBbsDTMU=",
            "requires": {
                "uniq": "^1.0.0"
            }
        },
        "debug": {
            "version": "4.3.4",
            "resolved": "https://registry.npmjs.org/debug/-/debug-4.3.4.tgz",
            "integrity": "sha512-PRWFHuSU3eDtQJPvnNY7Jcket1j0t5OuOsFzPPzsekD52Zl8qUfFIPEiswXqIvHWGVHOgX+7G/vCNNhehwxfkQ==",
            "requires": {
                "ms": "2.1.2"
            }
        },
        "engine.io-client": {
            "version": "6.1.1",
            "resolved": "https://registry.npmjs.org/engine.io-client/-/engine.io-client-6.1.1.tgz",
            "integrity": "sha512-V05mmDo4gjimYW+FGujoGmmmxRaDsrVr7AXA3ZIfa04MWM1jOfZfUwou0oNqhNwy/votUDvGDt4JA4QF4e0b4g==",
            "requires": {
                "@socket.io/component-emitter": "~3.0.0",
                "debug": "~4.3.1",
                "engine.io-parser": "~5.0.0",
                "has-cors": "1.1.0",
                "parseqs": "0.0.6",
                "parseuri": "0.0.6",
                "ws": "~8.2.3",
                "xmlhttprequest-ssl": "~2.0.0",
                "yeast": "0.1.2"
            }
        },
        "engine.io-parser": {
            "version": "5.0.3",
            "resolved": "https://registry.npmjs.org/engine.io-parser/-/engine.io-parser-5.0.3.tgz",
            "integrity": "sha512-BtQxwF27XUNnSafQLvDi0dQ8s3i6VgzSoQMJacpIcGNrlUdfHSKbgm3jmjCVvQluGzqwujQMPAoMai3oYSTurg==",
            "requires": {
                "@socket.io/base64-arraybuffer": "~1.0.2"
            }
        },
        "has-cors": {
            "version": "1.1.0",
            "resolved": "https://registry.npmjs.org/has-cors/-/has-cors-1.1.0.tgz",
            "integrity": "sha1-XkdHk/fqmEPRu5nCPu9J/xJv/zk="
        },
        "iota-array": {
            "version": "1.0.0",
            "resolved": "https://registry.npmjs.org/iota-array/-/iota-array-1.0.0.tgz",
            "integrity": "sha1-ge9X/l0FgUzVjCSDYyqZwwoOgIc="
        },
        "is-buffer": {
            "version": "1.1.6",
            "resolved": "https://registry.npmjs.org/is-buffer/-/is-buffer-1.1.6.tgz",
            "integrity": "sha512-NcdALwpXkTm5Zvvbk7owOUSvVvBKDgKP5/ewfXEznmQFfs4ZRmanOeKBTjRVjka3QFoN6XJ+9F3USqfHqTaU5w=="
        },
        "jpeg-js": {
            "version": "0.4.3",
            "resolved": "https://registry.npmjs.org/jpeg-js/-/jpeg-js-0.4.3.tgz",
            "integrity": "sha512-ru1HWKek8octvUHFHvE5ZzQ1yAsJmIvRdGWvSoKV52XKyuyYA437QWDttXT8eZXDSbuMpHlLzPDZUPd6idIz+Q=="
        },
        "lazyness": {
            "version": "1.2.0",
            "resolved": "https://registry.npmjs.org/lazyness/-/lazyness-1.2.0.tgz",
            "integrity": "sha512-KenL6EFbwxBwRxG93t0gcUyi0Nw0Ub31FJKN1laA4UscdkL1K1AxUd0gYZdcLU3v+x+wcFi4uQKS5hL+fk500g=="
        },
        "luxon": {
            "version": "2.3.1",
            "resolved": "https://registry.npmjs.org/luxon/-/luxon-2.3.1.tgz",
            "integrity": "sha512-I8vnjOmhXsMSlNMZlMkSOvgrxKJl0uOsEzdGgGNZuZPaS9KlefpE9KV95QFftlJSC+1UyCC9/I69R02cz/zcCA=="
        },
        "moment": {
            "version": "2.29.2",
            "resolved": "https://registry.npmjs.org/moment/-/moment-2.29.2.tgz",
            "integrity": "sha512-UgzG4rvxYpN15jgCmVJwac49h9ly9NurikMWGPdVxm8GZD6XjkKPxDTjQQ43gtGgnV3X0cAyWDdP2Wexoquifg=="
        },
        "moment-timezone": {
            "version": "0.5.34",
            "resolved": "https://registry.npmjs.org/moment-timezone/-/moment-timezone-0.5.34.tgz",
            "integrity": "sha512-3zAEHh2hKUs3EXLESx/wsgw6IQdusOT8Bxm3D9UrHPQR7zlMmzwybC8zHEM1tQ4LJwP7fcxrWr8tuBg05fFCbg==",
            "requires": {
                "moment": ">= 2.9.0"
            }
        },
        "ms": {
            "version": "2.1.2",
            "resolved": "https://registry.npmjs.org/ms/-/ms-2.1.2.tgz",
            "integrity": "sha512-sGkPx+VjMtmA6MX27oA4FBFELFCZZ4S4XqeGOXCv68tT+jb3vk/RyaKWP0PTKyWtmLSM0b+adUTEvbs1PEaH2w=="
        },
        "ndarray": {
            "version": "1.0.19",
            "resolved": "https://registry.npmjs.org/ndarray/-/ndarray-1.0.19.tgz",
            "integrity": "sha512-B4JHA4vdyZU30ELBw3g7/p9bZupyew5a7tX1Y/gGeF2hafrPaQZhgrGQfsvgfYbgdFZjYwuEcnaobeM/WMW+HQ==",
            "requires": {
                "iota-array": "^1.0.0",
                "is-buffer": "^1.0.2"
            }
        },
        "ndarray-pack": {
            "version": "1.2.1",
            "resolved": "https://registry.npmjs.org/ndarray-pack/-/ndarray-pack-1.2.1.tgz",
            "integrity": "sha1-jK6+qqJNXs9w/4YCBjeXfajuWFo=",
            "requires": {
                "cwise-compiler": "^1.1.2",
                "ndarray": "^1.0.13"
            }
        },
        "nextgen-events": {
            "version": "1.5.2",
            "resolved": "https://registry.npmjs.org/nextgen-events/-/nextgen-events-1.5.2.tgz",
            "integrity": "sha512-0ZEIRQywH5Oxt2IYYufRltQg/KjXhKM7f7MHve+ZIRaKnIR1PPYEXAl2WBmej5Sf0Qh2GgE/21sMRZVuOyxLzw=="
        },
        "node-bitmap": {
            "version": "0.0.1",
            "resolved": "https://registry.npmjs.org/node-bitmap/-/node-bitmap-0.0.1.tgz",
            "integrity": "sha1-GA6scAPgxwdhjvMTaPYvhLKmkJE="
        },
        "omggif": {
            "version": "1.0.10",
            "resolved": "https://registry.npmjs.org/omggif/-/omggif-1.0.10.tgz",
            "integrity": "sha512-LMJTtvgc/nugXj0Vcrrs68Mn2D1r0zf630VNtqtpI1FEO7e+O9FP4gqs9AcnBaSEeoHIPm28u6qgPR0oyEpGSw=="
        },
        "parseqs": {
            "version": "0.0.6",
            "resolved": "https://registry.npmjs.org/parseqs/-/parseqs-0.0.6.tgz",
            "integrity": "sha512-jeAGzMDbfSHHA091hr0r31eYfTig+29g3GKKE/PPbEQ65X0lmMwlEoqmhzu0iztID5uJpZsFlUPDP8ThPL7M8w=="
        },
        "parseuri": {
            "version": "0.0.6",
            "resolved": "https://registry.npmjs.org/parseuri/-/parseuri-0.0.6.tgz",
            "integrity": "sha512-AUjen8sAkGgao7UyCX6Ahv0gIK2fABKmYjvP4xmy5JaKvcbTRueIqIPHLAfq30xJddqSE033IOMUSOMCcK3Sow=="
        },
        "pngjs": {
            "version": "5.0.0",
            "resolved": "https://registry.npmjs.org/pngjs/-/pngjs-5.0.0.tgz",
            "integrity": "sha512-40QW5YalBNfQo5yRYmiw7Yz6TKKVr3h6970B2YE+3fQpsWcrbj1PzJgxeJ19DRQjhMbKPIuMY8rFaXc8moolVw=="
        },
        "setimmediate": {
            "version": "1.0.5",
            "resolved": "https://registry.npmjs.org/setimmediate/-/setimmediate-1.0.5.tgz",
            "integrity": "sha1-KQy7Iy4waULX1+qbg3Mqt4VvgoU="
        },
        "seventh": {
            "version": "0.7.40",
            "resolved": "https://registry.npmjs.org/seventh/-/seventh-0.7.40.tgz",
            "integrity": "sha512-7sxUydQx4iEh17uJUFjZDAwbffJirldZaNIJvVB/hk9mPEL3J4GpLGSL+mHFH2ydkye46DAsLGqzFJ+/Qj5foQ==",
            "requires": {
                "setimmediate": "^1.0.5"
            }
        },
        "socket.io-client": {
            "version": "4.4.1",
            "resolved": "https://registry.npmjs.org/socket.io-client/-/socket.io-client-4.4.1.tgz",
            "integrity": "sha512-N5C/L5fLNha5Ojd7Yeb/puKcPWWcoB/A09fEjjNsg91EDVr5twk/OEyO6VT9dlLSUNY85NpW6KBhVMvaLKQ3vQ==",
            "requires": {
                "@socket.io/component-emitter": "~3.0.0",
                "backo2": "~1.0.2",
                "debug": "~4.3.2",
                "engine.io-client": "~6.1.1",
                "parseuri": "0.0.6",
                "socket.io-parser": "~4.1.1"
            }
        },
        "socket.io-parser": {
            "version": "4.1.2",
            "resolved": "https://registry.npmjs.org/socket.io-parser/-/socket.io-parser-4.1.2.tgz",
            "integrity": "sha512-j3kk71QLJuyQ/hh5F/L2t1goqzdTL0gvDzuhTuNSwihfuFUrcSji0qFZmJJPtG6Rmug153eOPsUizeirf1IIog==",
            "requires": {
                "@socket.io/component-emitter": "~3.0.0",
                "debug": "~4.3.1"
            }
        },
        "string-kit": {
            "version": "0.16.1",
            "resolved": "https://registry.npmjs.org/string-kit/-/string-kit-0.16.1.tgz",
            "integrity": "sha512-LEwNbaW3iUZnfDIeUghvmxUoDnU6QClll/TFKENBMfFRZH481XijeLQPvhdNGIATVIunCXxjSJvVoFSBkfG1mg=="
        },
        "terminal-kit": {
            "version": "2.4.0",
            "resolved": "https://registry.npmjs.org/terminal-kit/-/terminal-kit-2.4.0.tgz",
            "integrity": "sha512-lQCKNFYCaVoFM23pcurnQ7wOnsz4u588JNu2sfNOnB8IU6Tl4vdOdHNe7bL2aIiB0kA7m94gS4VI0+3CRI1G/A==",
            "requires": {
                "@cronvel/get-pixels": "^3.4.0",
                "chroma-js": "^2.1.2",
                "lazyness": "^1.2.0",
                "ndarray": "^1.0.19",
                "nextgen-events": "^1.5.2",
                "seventh": "^0.7.40",
                "string-kit": "^0.16.0",
                "tree-kit": "^0.7.4"
            }
        },
        "tree-kit": {
            "version": "0.7.4",
            "resolved": "https://registry.npmjs.org/tree-kit/-/tree-kit-0.7.4.tgz",
            "integrity": "sha512-Of3tPmVs3b6BhzyUJ7t0olisf47kYr9qAm0XaUpURMjdBn6TwiVaaMuTFoKkkvPGojd9trKAHlrGGcGKcdR1DA=="
        },
        "uniq": {
            "version": "1.0.1",
            "resolved": "https://registry.npmjs.org/uniq/-/uniq-1.0.1.tgz",
            "integrity": "sha1-sxxa6CVIRKOoKBVBzisEuGWnNP8="
        },
        "uniqid": {
            "version": "5.4.0",
            "resolved": "https://registry.npmjs.org/uniqid/-/uniqid-5.4.0.tgz",
            "integrity": "sha512-38JRbJ4Fj94VmnC7G/J/5n5SC7Ab46OM5iNtSstB/ko3l1b5g7ALt4qzHFgGciFkyiRNtDXtLNb+VsxtMSE77A=="
        },
        "ws": {
            "version": "8.2.3",
            "resolved": "https://registry.npmjs.org/ws/-/ws-8.2.3.tgz",
            "integrity": "sha512-wBuoj1BDpC6ZQ1B7DWQBYVLphPWkm8i9Y0/3YdHjHKHiohOJ1ws+3OccDWtH+PoC9DZD5WOTrJvNbWvjS6JWaA==",
            "requires": {}
        },
        "xmlhttprequest-ssl": {
            "version": "2.0.0",
            "resolved": "https://registry.npmjs.org/xmlhttprequest-ssl/-/xmlhttprequest-ssl-2.0.0.tgz",
            "integrity": "sha512-QKxVRxiRACQcVuQEYFsI1hhkrMlrXHPegbbd1yn9UHOmRxY+si12nQYzri3vbzt8VdTTRviqcKxcyllFas5z2A=="
        },
        "yeast": {
            "version": "0.1.2",
            "resolved": "https://registry.npmjs.org/yeast/-/yeast-0.1.2.tgz",
            "integrity": "sha1-AI4G2AlDIMNy28L47XagymyKxBk="
        }
    }
}
